Microsoft Visual Studio Solution File, Format Version 11.00
# Visual Studio 2008

Project("{01C6A824-2622-399F-7EF0-508B162D05FA}") = "CommandAndCupcakes", "Assembly-CSharp.csproj", "{6DBF356B-20B9-7E8F-FD46-3D2C3D6E9CE7}"
EndProject
Project("{01C6A824-2622-399F-7EF0-508B162D05FA}") = "CommandAndCupcakes", "Assembly-CSharp-Editor.csproj", "{7BA05E28-046E-BC56-724C-81EAD938B51F}"
EndProject
Global
	GlobalSection(SolutionConfigurationPlatforms) = preSolution
		Debug|Any CPU = Debug|Any CPU
		Release|Any CPU = Release|Any CPU
	EndGlobalSection
	GlobalSection(ProjectConfigurationPlatforms) = postSolution
		{6DBF356B-20B9-7E8F-FD46-3D2C3D6E9CE7}.Debug|Any CPU.ActiveCfg = Debug|Any CPU
		{6DBF356B-20B9-7E8F-FD46-3D2C3D6E9CE7}.Debug|Any CPU.Build.0 = Debug|Any CPU
		{6DBF356B-20B9-7E8F-FD46-3D2C3D6E9CE7}.Release|Any CPU.ActiveCfg = Release|Any CPU
		{6DBF356B-20B9-7E8F-FD46-3D2C3D6E9CE7}.Release|Any CPU.Build.0 = Release|Any CPU
		{7BA05E28-046E-BC56-724C-81EAD938B51F}.Debug|Any CPU.ActiveCfg = Debug|Any CPU
		{7BA05E28-046E-BC56-724C-81EAD938B51F}.Debug|Any CPU.Build.0 = Debug|Any CPU
		{7BA05E28-046E-BC56-724C-81EAD938B51F}.Release|Any CPU.ActiveCfg = Release|Any CPU
		{7BA05E28-046E-BC56-724C-81EAD938B51F}.Release|Any CPU.Build.0 = Release|Any CPU
	EndGlobalSection
	GlobalSection(SolutionProperties) = preSolution
		HideSolutionNode = FALSE
	EndGlobalSection
	GlobalSection(MonoDevelopProperties) = preSolution
		StartupItem = Assembly-CSharp.csproj
	EndGlobalSection
EndGlobal
