
Microsoft Visual Studio Solution File, Format Version 12.00
# Visual Studio 2015
Project("{FAE04EC0-301F-11D3-BF4B-00C04F79EFBC}") = "CommandAndCupcakes", "CommandAndCupcakes.csproj", "{5F57A95A-D326-F7A5-A537-516218B2244C}"
EndProject
Project("{FAE04EC0-301F-11D3-BF4B-00C04F79EFBC}") = "CommandAndCupcakes.Editor", "CommandAndCupcakes.Editor.csproj", "{7ED30A5C-BAF0-71B2-D384-7EF697C6FEE4}"
EndProject
Global
	GlobalSection(SolutionConfigurationPlatforms) = preSolution
		Debug|Any CPU = Debug|Any CPU
		Release|Any CPU = Release|Any CPU
	EndGlobalSection
	GlobalSection(ProjectConfigurationPlatforms) = postSolution
		{5F57A95A-D326-F7A5-A537-516218B2244C}.Debug|Any CPU.ActiveCfg = Debug|Any CPU
		{5F57A95A-D326-F7A5-A537-516218B2244C}.Debug|Any CPU.Build.0 = Debug|Any CPU
		{5F57A95A-D326-F7A5-A537-516218B2244C}.Release|Any CPU.ActiveCfg = Release|Any CPU
		{5F57A95A-D326-F7A5-A537-516218B2244C}.Release|Any CPU.Build.0 = Release|Any CPU
		{7ED30A5C-BAF0-71B2-D384-7EF697C6FEE4}.Debug|Any CPU.ActiveCfg = Debug|Any CPU
		{7ED30A5C-BAF0-71B2-D384-7EF697C6FEE4}.Debug|Any CPU.Build.0 = Debug|Any CPU
		{7ED30A5C-BAF0-71B2-D384-7EF697C6FEE4}.Release|Any CPU.ActiveCfg = Release|Any CPU
		{7ED30A5C-BAF0-71B2-D384-7EF697C6FEE4}.Release|Any CPU.Build.0 = Release|Any CPU
	EndGlobalSection
	GlobalSection(SolutionProperties) = preSolution
		HideSolutionNode = FALSE
	EndGlobalSection
EndGlobal
